
Microsoft Visual Studio Solution File, Format Version 12.00
# Visual Studio Version 17
VisualStudioVersion = 17.9.34622.214
MinimumVisualStudioVersion = 10.0.40219.1
Project("{FAE04EC0-301F-11D3-BF4B-00C04F79EFBC}") = "ProgramPrintingMyName", "ProgramPrintingMyName.csproj", "{7E34BBC0-8493-440C-B764-5643C25046DD}"
EndProject
Global
	GlobalSection(SolutionConfigurationPlatforms) = preSolution
		Debug|Any CPU = Debug|Any CPU
		Release|Any CPU = Release|Any CPU
	EndGlobalSection
	GlobalSection(ProjectConfigurationPlatforms) = postSolution
		{7E34BBC0-8493-440C-B764-5643C25046DD}.Debug|Any CPU.ActiveCfg = Debug|Any CPU
		{7E34BBC0-8493-440C-B764-5643C25046DD}.Debug|Any CPU.Build.0 = Debug|Any CPU
		{7E34BBC0-8493-440C-B764-5643C25046DD}.Release|Any CPU.ActiveCfg = Release|Any CPU
		{7E34BBC0-8493-440C-B764-5643C25046DD}.Release|Any CPU.Build.0 = Release|Any CPU
	EndGlobalSection
	GlobalSection(SolutionProperties) = preSolution
		HideSolutionNode = FALSE
	EndGlobalSection
	GlobalSection(ExtensibilityGlobals) = postSolution
		SolutionGuid = {8EEEAC54-279B-4F43-B7DB-BCA18D4C9358}
	EndGlobalSection
EndGlobal
